// !$*UTF8*$!
{
	archiveVersion = 1;
	classes = {
	};
	objectVersion = 55;
	objects = {

/* Begin PBXBuildFile section */
		7FC7786B2AA5C61B00A5CE0F /* AppDelegate.swift in Sources */ = {isa = PBXBuildFile; fileRef = 7FC7786A2AA5C61B00A5CE0F /* AppDelegate.swift */; };
		7FC7786D2AA5C61B00A5CE0F /* SceneDelegate.swift in Sources */ = {isa = PBXBuildFile; fileRef = 7FC7786C2AA5C61B00A5CE0F /* SceneDelegate.swift */; };
		7FC778742AA5C61C00A5CE0F /* Assets.xcassets in Resources */ = {isa = PBXBuildFile; fileRef = 7FC778732AA5C61C00A5CE0F /* Assets.xcassets */; };
		7FC778772AA5C61C00A5CE0F /* LaunchScreen.storyboard in Resources */ = {isa = PBXBuildFile; fileRef = 7FC778752AA5C61C00A5CE0F /* LaunchScreen.storyboard */; };
		7FC92CEB2AA5FC2C000C4B2E /* HomePageViewController.swift in Sources */ = {isa = PBXBuildFile; fileRef = 7FC92CEA2AA5FC2C000C4B2E /* HomePageViewController.swift */; };
		7FC92CED2AA5FC52000C4B2E /* LoginPageViewController.swift in Sources */ = {isa = PBXBuildFile; fileRef = 7FC92CEC2AA5FC52000C4B2E /* LoginPageViewController.swift */; };
		7FC92CEF2AA5FC62000C4B2E /* SignUpPageViewController.swift in Sources */ = {isa = PBXBuildFile; fileRef = 7FC92CEE2AA5FC62000C4B2E /* SignUpPageViewController.swift */; };
		7FC92CF12AA5FC6E000C4B2E /* TimerPageViewController.swift in Sources */ = {isa = PBXBuildFile; fileRef = 7FC92CF02AA5FC6E000C4B2E /* TimerPageViewController.swift */; };
		7FC92CF32AA5FC77000C4B2E /* MyPageViewController.swift in Sources */ = {isa = PBXBuildFile; fileRef = 7FC92CF22AA5FC77000C4B2E /* MyPageViewController.swift */; };
		7FC92CF52AA5FC80000C4B2E /* LikePageViewController.swift in Sources */ = {isa = PBXBuildFile; fileRef = 7FC92CF42AA5FC80000C4B2E /* LikePageViewController.swift */; };
		7FC92CF72AA5FC8A000C4B2E /* DetailPageViewController.swift in Sources */ = {isa = PBXBuildFile; fileRef = 7FC92CF62AA5FC8A000C4B2E /* DetailPageViewController.swift */; };
		7FFFECFB2AAC107100475F52 /* LikedVideosManager.swift in Sources */ = {isa = PBXBuildFile; fileRef = 7FFFECFA2AAC107100475F52 /* LikedVideosManager.swift */; };
		8E5757F00FCCC0EF31AC7A8D /* Pods_SleepWellApp.framework in Frameworks */ = {isa = PBXBuildFile; fileRef = BDD5FA1450780331446E2F7F /* Pods_SleepWellApp.framework */; };
		D80BAAF72AA864E400B49628 /* MainTabBarController.swift in Sources */ = {isa = PBXBuildFile; fileRef = D80BAAF62AA864E400B49628 /* MainTabBarController.swift */; };
		D80BAAF92AA880FF00B49628 /* CustomTableViewCell.swift in Sources */ = {isa = PBXBuildFile; fileRef = D80BAAF82AA880FF00B49628 /* CustomTableViewCell.swift */; };
		D87C7EEF2AA9832600BA51C0 /* NavigationUtil.swift in Sources */ = {isa = PBXBuildFile; fileRef = D87C7EEE2AA9832600BA51C0 /* NavigationUtil.swift */; };
		D87C7EF82AA9C72100BA51C0 /* User.swift in Sources */ = {isa = PBXBuildFile; fileRef = D87C7EF72AA9C72100BA51C0 /* User.swift */; };
		D87C7EFA2AA9C77000BA51C0 /* Video.swift in Sources */ = {isa = PBXBuildFile; fileRef = D87C7EF92AA9C77000BA51C0 /* Video.swift */; };
		D87C7EFC2AA9C87300BA51C0 /* DataManager.swift in Sources */ = {isa = PBXBuildFile; fileRef = D87C7EFB2AA9C87300BA51C0 /* DataManager.swift */; };
		E22A50CF2AA8984900092365 /* UIColor+.swift in Sources */ = {isa = PBXBuildFile; fileRef = E22A50CE2AA8984900092365 /* UIColor+.swift */; };
		E2AA64142AAACC630009A481 /* APIManager.swift in Sources */ = {isa = PBXBuildFile; fileRef = E2AA64132AAACC630009A481 /* APIManager.swift */; };
		E2AA64172AAB1A940009A481 /* Thumbnail.swift in Sources */ = {isa = PBXBuildFile; fileRef = E2AA64162AAB1A940009A481 /* Thumbnail.swift */; };
		E2DD3D8D2AA8A35F00198F04 /* VideoCollectionViewCell.swift in Sources */ = {isa = PBXBuildFile; fileRef = E2DD3D8C2AA8A35F00198F04 /* VideoCollectionViewCell.swift */; };
		E2DD3D922AA9BE2400198F04 /* VideoLengthSegmentedControl.swift in Sources */ = {isa = PBXBuildFile; fileRef = E2DD3D912AA9BE2400198F04 /* VideoLengthSegmentedControl.swift */; };
/* End PBXBuildFile section */

/* Begin PBXFileReference section */
		770FAF36F1641ECBB0611757 /* Pods-SleepWellApp.release.xcconfig */ = {isa = PBXFileReference; includeInIndex = 1; lastKnownFileType = text.xcconfig; name = "Pods-SleepWellApp.release.xcconfig"; path = "Target Support Files/Pods-SleepWellApp/Pods-SleepWellApp.release.xcconfig"; sourceTree = "<group>"; };
		7FC778672AA5C61B00A5CE0F /* SleepWellApp.app */ = {isa = PBXFileReference; explicitFileType = wrapper.application; includeInIndex = 0; path = SleepWellApp.app; sourceTree = BUILT_PRODUCTS_DIR; };
		7FC7786A2AA5C61B00A5CE0F /* AppDelegate.swift */ = {isa = PBXFileReference; lastKnownFileType = sourcecode.swift; path = AppDelegate.swift; sourceTree = "<group>"; };
		7FC7786C2AA5C61B00A5CE0F /* SceneDelegate.swift */ = {isa = PBXFileReference; lastKnownFileType = sourcecode.swift; path = SceneDelegate.swift; sourceTree = "<group>"; };
		7FC778732AA5C61C00A5CE0F /* Assets.xcassets */ = {isa = PBXFileReference; lastKnownFileType = folder.assetcatalog; path = Assets.xcassets; sourceTree = "<group>"; };
		7FC778762AA5C61C00A5CE0F /* Base */ = {isa = PBXFileReference; lastKnownFileType = file.storyboard; name = Base; path = Base.lproj/LaunchScreen.storyboard; sourceTree = "<group>"; };
		7FC778782AA5C61C00A5CE0F /* Info.plist */ = {isa = PBXFileReference; lastKnownFileType = text.plist.xml; path = Info.plist; sourceTree = "<group>"; };
		7FC92CEA2AA5FC2C000C4B2E /* HomePageViewController.swift */ = {isa = PBXFileReference; lastKnownFileType = sourcecode.swift; path = HomePageViewController.swift; sourceTree = "<group>"; };
		7FC92CEC2AA5FC52000C4B2E /* LoginPageViewController.swift */ = {isa = PBXFileReference; lastKnownFileType = sourcecode.swift; path = LoginPageViewController.swift; sourceTree = "<group>"; };
		7FC92CEE2AA5FC62000C4B2E /* SignUpPageViewController.swift */ = {isa = PBXFileReference; lastKnownFileType = sourcecode.swift; path = SignUpPageViewController.swift; sourceTree = "<group>"; };
		7FC92CF02AA5FC6E000C4B2E /* TimerPageViewController.swift */ = {isa = PBXFileReference; lastKnownFileType = sourcecode.swift; path = TimerPageViewController.swift; sourceTree = "<group>"; };
		7FC92CF22AA5FC77000C4B2E /* MyPageViewController.swift */ = {isa = PBXFileReference; lastKnownFileType = sourcecode.swift; path = MyPageViewController.swift; sourceTree = "<group>"; };
		7FC92CF42AA5FC80000C4B2E /* LikePageViewController.swift */ = {isa = PBXFileReference; lastKnownFileType = sourcecode.swift; path = LikePageViewController.swift; sourceTree = "<group>"; };
		7FC92CF62AA5FC8A000C4B2E /* DetailPageViewController.swift */ = {isa = PBXFileReference; lastKnownFileType = sourcecode.swift; path = DetailPageViewController.swift; sourceTree = "<group>"; };
		7FFFECFA2AAC107100475F52 /* LikedVideosManager.swift */ = {isa = PBXFileReference; lastKnownFileType = sourcecode.swift; path = LikedVideosManager.swift; sourceTree = "<group>"; };
		BDD5FA1450780331446E2F7F /* Pods_SleepWellApp.framework */ = {isa = PBXFileReference; explicitFileType = wrapper.framework; includeInIndex = 0; path = Pods_SleepWellApp.framework; sourceTree = BUILT_PRODUCTS_DIR; };
		D80BAAF62AA864E400B49628 /* MainTabBarController.swift */ = {isa = PBXFileReference; lastKnownFileType = sourcecode.swift; path = MainTabBarController.swift; sourceTree = "<group>"; };
		D80BAAF82AA880FF00B49628 /* CustomTableViewCell.swift */ = {isa = PBXFileReference; lastKnownFileType = sourcecode.swift; path = CustomTableViewCell.swift; sourceTree = "<group>"; };
		D87C7EEE2AA9832600BA51C0 /* NavigationUtil.swift */ = {isa = PBXFileReference; lastKnownFileType = sourcecode.swift; path = NavigationUtil.swift; sourceTree = "<group>"; };
		D87C7EF72AA9C72100BA51C0 /* User.swift */ = {isa = PBXFileReference; lastKnownFileType = sourcecode.swift; path = User.swift; sourceTree = "<group>"; };
		D87C7EF92AA9C77000BA51C0 /* Video.swift */ = {isa = PBXFileReference; lastKnownFileType = sourcecode.swift; path = Video.swift; sourceTree = "<group>"; };
		D87C7EFB2AA9C87300BA51C0 /* DataManager.swift */ = {isa = PBXFileReference; lastKnownFileType = sourcecode.swift; path = DataManager.swift; sourceTree = "<group>"; };
		DB74C7C44FD272586BCB4B57 /* Pods-SleepWellApp.debug.xcconfig */ = {isa = PBXFileReference; includeInIndex = 1; lastKnownFileType = text.xcconfig; name = "Pods-SleepWellApp.debug.xcconfig"; path = "Target Support Files/Pods-SleepWellApp/Pods-SleepWellApp.debug.xcconfig"; sourceTree = "<group>"; };
		E22A50CE2AA8984900092365 /* UIColor+.swift */ = {isa = PBXFileReference; lastKnownFileType = sourcecode.swift; path = "UIColor+.swift"; sourceTree = "<group>"; };
		E2AA64132AAACC630009A481 /* APIManager.swift */ = {isa = PBXFileReference; lastKnownFileType = sourcecode.swift; path = APIManager.swift; sourceTree = "<group>"; };
		E2AA64162AAB1A940009A481 /* Thumbnail.swift */ = {isa = PBXFileReference; lastKnownFileType = sourcecode.swift; path = Thumbnail.swift; sourceTree = "<group>"; };
		E2DD3D8C2AA8A35F00198F04 /* VideoCollectionViewCell.swift */ = {isa = PBXFileReference; lastKnownFileType = sourcecode.swift; path = VideoCollectionViewCell.swift; sourceTree = "<group>"; };
		E2DD3D912AA9BE2400198F04 /* VideoLengthSegmentedControl.swift */ = {isa = PBXFileReference; lastKnownFileType = sourcecode.swift; path = VideoLengthSegmentedControl.swift; sourceTree = "<group>"; };
/* End PBXFileReference section */

/* Begin PBXFrameworksBuildPhase section */
		7FC778642AA5C61B00A5CE0F /* Frameworks */ = {
			isa = PBXFrameworksBuildPhase;
			buildActionMask = 2147483647;
			files = (
				8E5757F00FCCC0EF31AC7A8D /* Pods_SleepWellApp.framework in Frameworks */,
			);
			runOnlyForDeploymentPostprocessing = 0;
		};
/* End PBXFrameworksBuildPhase section */

/* Begin PBXGroup section */
		084F503B5D6B929D444108AF /* Pods */ = {
			isa = PBXGroup;
			children = (
				DB74C7C44FD272586BCB4B57 /* Pods-SleepWellApp.debug.xcconfig */,
				770FAF36F1641ECBB0611757 /* Pods-SleepWellApp.release.xcconfig */,
			);
			path = Pods;
			sourceTree = "<group>";
		};
		531C5601657A29696F1DA570 /* Frameworks */ = {
			isa = PBXGroup;
			children = (
				BDD5FA1450780331446E2F7F /* Pods_SleepWellApp.framework */,
			);
			name = Frameworks;
			sourceTree = "<group>";
		};
		7F3E999D2AA6BCE2004F1617 /* Utils */ = {
			isa = PBXGroup;
			children = (
				D87C7EED2AA9830C00BA51C0 /* NavigationBar */,
				E22A50D42AA8996000092365 /* Cell */,
				E22A50CD2AA8980900092365 /* Extension */,
			);
			path = Utils;
			sourceTree = "<group>";
		};
		7FC7785E2AA5C61B00A5CE0F = {
			isa = PBXGroup;
			children = (
				7FC778692AA5C61B00A5CE0F /* SleepWellApp */,
				7FC778682AA5C61B00A5CE0F /* Products */,
				084F503B5D6B929D444108AF /* Pods */,
				531C5601657A29696F1DA570 /* Frameworks */,
			);
			sourceTree = "<group>";
		};
		7FC778682AA5C61B00A5CE0F /* Products */ = {
			isa = PBXGroup;
			children = (
				7FC778672AA5C61B00A5CE0F /* SleepWellApp.app */,
			);
			name = Products;
			sourceTree = "<group>";
		};
		7FC778692AA5C61B00A5CE0F /* SleepWellApp */ = {
			isa = PBXGroup;
			children = (
				E22A50D22AA898F500092365 /* Resource */,
				E2AA64122AAACC490009A481 /* Network */,
				E22A50D12AA898C400092365 /* Screen */,
			);
			path = SleepWellApp;
			sourceTree = "<group>";
		};
		7FC92CE32AA5FB60000C4B2E /* DetailPage */ = {
			isa = PBXGroup;
			children = (
				7FC92CF62AA5FC8A000C4B2E /* DetailPageViewController.swift */,
			);
			path = DetailPage;
			sourceTree = "<group>";
		};
		7FC92CE42AA5FB69000C4B2E /* LikePage */ = {
			isa = PBXGroup;
			children = (
				7FC92CF42AA5FC80000C4B2E /* LikePageViewController.swift */,
			);
			path = LikePage;
			sourceTree = "<group>";
		};
		7FC92CE52AA5FB6E000C4B2E /* TimerPage */ = {
			isa = PBXGroup;
			children = (
				7FC92CF02AA5FC6E000C4B2E /* TimerPageViewController.swift */,
			);
			path = TimerPage;
			sourceTree = "<group>";
		};
		7FC92CE62AA5FB71000C4B2E /* MyPage */ = {
			isa = PBXGroup;
			children = (
				7FC92CF22AA5FC77000C4B2E /* MyPageViewController.swift */,
			);
			path = MyPage;
			sourceTree = "<group>";
		};
		7FC92CE72AA5FB73000C4B2E /* HomePage */ = {
			isa = PBXGroup;
			children = (
				E2DD3D8F2AA9BDEA00198F04 /* View */,
				E2DD3D8E2AA9BDD900198F04 /* ViewController */,
			);
			path = HomePage;
			sourceTree = "<group>";
		};
		7FC92CE82AA5FB75000C4B2E /* LoginPage */ = {
			isa = PBXGroup;
			children = (
				7FC92CEC2AA5FC52000C4B2E /* LoginPageViewController.swift */,
			);
			path = LoginPage;
			sourceTree = "<group>";
		};
		7FC92CE92AA5FB78000C4B2E /* SignUpPage */ = {
			isa = PBXGroup;
			children = (
				7FC92CEE2AA5FC62000C4B2E /* SignUpPageViewController.swift */,
			);
			path = SignUpPage;
			sourceTree = "<group>";
		};
		D87C7EED2AA9830C00BA51C0 /* NavigationBar */ = {
			isa = PBXGroup;
			children = (
				D87C7EEE2AA9832600BA51C0 /* NavigationUtil.swift */,
			);
			path = NavigationBar;
			sourceTree = "<group>";
		};
		D87C7EF62AA9C70800BA51C0 /* Model */ = {
			isa = PBXGroup;
			children = (
				D87C7EF72AA9C72100BA51C0 /* User.swift */,
				D87C7EF92AA9C77000BA51C0 /* Video.swift */,
				D87C7EFB2AA9C87300BA51C0 /* DataManager.swift */,
				E2AA64162AAB1A940009A481 /* Thumbnail.swift */,
				7FFFECFA2AAC107100475F52 /* LikedVideosManager.swift */,
			);
			path = Model;
			sourceTree = "<group>";
		};
		E22A50CD2AA8980900092365 /* Extension */ = {
			isa = PBXGroup;
			children = (
				E22A50CE2AA8984900092365 /* UIColor+.swift */,
			);
			path = Extension;
			sourceTree = "<group>";
		};
		E22A50D12AA898C400092365 /* Screen */ = {
			isa = PBXGroup;
			children = (
				D87C7EF62AA9C70800BA51C0 /* Model */,
				7F3E999D2AA6BCE2004F1617 /* Utils */,
				E22A50D32AA8994200092365 /* TabBar */,
				7FC92CE32AA5FB60000C4B2E /* DetailPage */,
				7FC92CE72AA5FB73000C4B2E /* HomePage */,
				7FC92CE82AA5FB75000C4B2E /* LoginPage */,
				7FC92CE92AA5FB78000C4B2E /* SignUpPage */,
				7FC92CE52AA5FB6E000C4B2E /* TimerPage */,
				7FC92CE62AA5FB71000C4B2E /* MyPage */,
				7FC92CE42AA5FB69000C4B2E /* LikePage */,
			);
			path = Screen;
			sourceTree = "<group>";
		};
		E22A50D22AA898F500092365 /* Resource */ = {
			isa = PBXGroup;
			children = (
				7FC7786A2AA5C61B00A5CE0F /* AppDelegate.swift */,
				7FC7786C2AA5C61B00A5CE0F /* SceneDelegate.swift */,
				7FC778732AA5C61C00A5CE0F /* Assets.xcassets */,
				7FC778752AA5C61C00A5CE0F /* LaunchScreen.storyboard */,
				7FC778782AA5C61C00A5CE0F /* Info.plist */,
			);
			path = Resource;
			sourceTree = "<group>";
		};
		E22A50D32AA8994200092365 /* TabBar */ = {
			isa = PBXGroup;
			children = (
				D80BAAF62AA864E400B49628 /* MainTabBarController.swift */,
			);
			path = TabBar;
			sourceTree = "<group>";
		};
		E22A50D42AA8996000092365 /* Cell */ = {
			isa = PBXGroup;
			children = (
				D80BAAF82AA880FF00B49628 /* CustomTableViewCell.swift */,
			);
			path = Cell;
			sourceTree = "<group>";
		};
		E2AA64122AAACC490009A481 /* Network */ = {
			isa = PBXGroup;
			children = (
				E2AA64132AAACC630009A481 /* APIManager.swift */,
			);
			path = Network;
			sourceTree = "<group>";
		};
		E2DD3D8E2AA9BDD900198F04 /* ViewController */ = {
			isa = PBXGroup;
			children = (
				7FC92CEA2AA5FC2C000C4B2E /* HomePageViewController.swift */,
			);
			path = ViewController;
			sourceTree = "<group>";
		};
		E2DD3D8F2AA9BDEA00198F04 /* View */ = {
			isa = PBXGroup;
			children = (
				E2DD3D912AA9BE2400198F04 /* VideoLengthSegmentedControl.swift */,
				E2DD3D902AA9BDF000198F04 /* Cell */,
			);
			path = View;
			sourceTree = "<group>";
		};
		E2DD3D902AA9BDF000198F04 /* Cell */ = {
			isa = PBXGroup;
			children = (
				E2DD3D8C2AA8A35F00198F04 /* VideoCollectionViewCell.swift */,
			);
			path = Cell;
			sourceTree = "<group>";
		};
/* End PBXGroup section */

/* Begin PBXNativeTarget section */
		7FC778662AA5C61B00A5CE0F /* SleepWellApp */ = {
			isa = PBXNativeTarget;
			buildConfigurationList = 7FC7787B2AA5C61C00A5CE0F /* Build configuration list for PBXNativeTarget "SleepWellApp" */;
			buildPhases = (
				32A15D9F37FE295A16C18E1B /* [CP] Check Pods Manifest.lock */,
				7FC778632AA5C61B00A5CE0F /* Sources */,
				7FC778642AA5C61B00A5CE0F /* Frameworks */,
				7FC778652AA5C61B00A5CE0F /* Resources */,
				E2B1E7399765A734963A09A9 /* [CP] Embed Pods Frameworks */,
			);
			buildRules = (
			);
			dependencies = (
			);
			name = SleepWellApp;
			productName = SleepWellApp;
			productReference = 7FC778672AA5C61B00A5CE0F /* SleepWellApp.app */;
			productType = "com.apple.product-type.application";
		};
/* End PBXNativeTarget section */

/* Begin PBXProject section */
		7FC7785F2AA5C61B00A5CE0F /* Project object */ = {
			isa = PBXProject;
			attributes = {
				BuildIndependentTargetsInParallel = 1;
				LastSwiftUpdateCheck = 1430;
				LastUpgradeCheck = 1430;
				TargetAttributes = {
					7FC778662AA5C61B00A5CE0F = {
						CreatedOnToolsVersion = 14.3.1;
					};
				};
			};
			buildConfigurationList = 7FC778622AA5C61B00A5CE0F /* Build configuration list for PBXProject "SleepWellApp" */;
			compatibilityVersion = "Xcode 13.0";
			developmentRegion = en;
			hasScannedForEncodings = 0;
			knownRegions = (
				en,
				Base,
			);
			mainGroup = 7FC7785E2AA5C61B00A5CE0F;
			productRefGroup = 7FC778682AA5C61B00A5CE0F /* Products */;
			projectDirPath = "";
			projectRoot = "";
			targets = (
				7FC778662AA5C61B00A5CE0F /* SleepWellApp */,
			);
		};
/* End PBXProject section */

/* Begin PBXResourcesBuildPhase section */
		7FC778652AA5C61B00A5CE0F /* Resources */ = {
			isa = PBXResourcesBuildPhase;
			buildActionMask = 2147483647;
			files = (
				7FC778772AA5C61C00A5CE0F /* LaunchScreen.storyboard in Resources */,
				7FC778742AA5C61C00A5CE0F /* Assets.xcassets in Resources */,
			);
			runOnlyForDeploymentPostprocessing = 0;
		};
/* End PBXResourcesBuildPhase section */

/* Begin PBXShellScriptBuildPhase section */
		32A15D9F37FE295A16C18E1B /* [CP] Check Pods Manifest.lock */ = {
			isa = PBXShellScriptBuildPhase;
			buildActionMask = 2147483647;
			files = (
			);
			inputFileListPaths = (
			);
			inputPaths = (
				"${PODS_PODFILE_DIR_PATH}/Podfile.lock",
				"${PODS_ROOT}/Manifest.lock",
			);
			name = "[CP] Check Pods Manifest.lock";
			outputFileListPaths = (
			);
			outputPaths = (
				"$(DERIVED_FILE_DIR)/Pods-SleepWellApp-checkManifestLockResult.txt",
			);
			runOnlyForDeploymentPostprocessing = 0;
			shellPath = /bin/sh;
			shellScript = "diff \"${PODS_PODFILE_DIR_PATH}/Podfile.lock\" \"${PODS_ROOT}/Manifest.lock\" > /dev/null\nif [ $? != 0 ] ; then\n    # print error to STDERR\n    echo \"error: The sandbox is not in sync with the Podfile.lock. Run 'pod install' or update your CocoaPods installation.\" >&2\n    exit 1\nfi\n# This output is used by Xcode 'outputs' to avoid re-running this script phase.\necho \"SUCCESS\" > \"${SCRIPT_OUTPUT_FILE_0}\"\n";
			showEnvVarsInLog = 0;
		};
		E2B1E7399765A734963A09A9 /* [CP] Embed Pods Frameworks */ = {
			isa = PBXShellScriptBuildPhase;
			buildActionMask = 2147483647;
			files = (
			);
			inputFileListPaths = (
				"${PODS_ROOT}/Target Support Files/Pods-SleepWellApp/Pods-SleepWellApp-frameworks-${CONFIGURATION}-input-files.xcfilelist",
			);
			name = "[CP] Embed Pods Frameworks";
			outputFileListPaths = (
				"${PODS_ROOT}/Target Support Files/Pods-SleepWellApp/Pods-SleepWellApp-frameworks-${CONFIGURATION}-output-files.xcfilelist",
			);
			runOnlyForDeploymentPostprocessing = 0;
			shellPath = /bin/sh;
			shellScript = "\"${PODS_ROOT}/Target Support Files/Pods-SleepWellApp/Pods-SleepWellApp-frameworks.sh\"\n";
			showEnvVarsInLog = 0;
		};
/* End PBXShellScriptBuildPhase section */

/* Begin PBXSourcesBuildPhase section */
		7FC778632AA5C61B00A5CE0F /* Sources */ = {
			isa = PBXSourcesBuildPhase;
			buildActionMask = 2147483647;
			files = (
				7FC92CF72AA5FC8A000C4B2E /* DetailPageViewController.swift in Sources */,
				E2AA64142AAACC630009A481 /* APIManager.swift in Sources */,
				D87C7EFC2AA9C87300BA51C0 /* DataManager.swift in Sources */,
				7FC92CF12AA5FC6E000C4B2E /* TimerPageViewController.swift in Sources */,
				E2DD3D8D2AA8A35F00198F04 /* VideoCollectionViewCell.swift in Sources */,
				7FC92CEB2AA5FC2C000C4B2E /* HomePageViewController.swift in Sources */,
				7FC7786B2AA5C61B00A5CE0F /* AppDelegate.swift in Sources */,
				7FC92CF52AA5FC80000C4B2E /* LikePageViewController.swift in Sources */,
				7FC92CEF2AA5FC62000C4B2E /* SignUpPageViewController.swift in Sources */,
				7FC92CED2AA5FC52000C4B2E /* LoginPageViewController.swift in Sources */,
				7FC7786D2AA5C61B00A5CE0F /* SceneDelegate.swift in Sources */,
				D80BAAF92AA880FF00B49628 /* CustomTableViewCell.swift in Sources */,
				E2DD3D922AA9BE2400198F04 /* VideoLengthSegmentedControl.swift in Sources */,
				7FFFECFB2AAC107100475F52 /* LikedVideosManager.swift in Sources */,
				D80BAAF72AA864E400B49628 /* MainTabBarController.swift in Sources */,
				7FC92CF32AA5FC77000C4B2E /* MyPageViewController.swift in Sources */,
				D87C7EF82AA9C72100BA51C0 /* User.swift in Sources */,
				D87C7EFA2AA9C77000BA51C0 /* Video.swift in Sources */,
				D87C7EEF2AA9832600BA51C0 /* NavigationUtil.swift in Sources */,
				E2AA64172AAB1A940009A481 /* Thumbnail.swift in Sources */,
				E22A50CF2AA8984900092365 /* UIColor+.swift in Sources */,
			);
			runOnlyForDeploymentPostprocessing = 0;
		};
/* End PBXSourcesBuildPhase section */

/* Begin PBXVariantGroup section */
		7FC778752AA5C61C00A5CE0F /* LaunchScreen.storyboard */ = {
			isa = PBXVariantGroup;
			children = (
				7FC778762AA5C61C00A5CE0F /* Base */,
			);
			name = LaunchScreen.storyboard;
			sourceTree = "<group>";
		};
/* End PBXVariantGroup section */

/* Begin XCBuildConfiguration section */
		7FC778792AA5C61C00A5CE0F /* Debug */ = {
			isa = XCBuildConfiguration;
			buildSettings = {
				ALWAYS_SEARCH_USER_PATHS = NO;
				CLANG_ANALYZER_NONNULL = YES;
				CLANG_ANALYZER_NUMBER_OBJECT_CONVERSION = YES_AGGRESSIVE;
				CLANG_CXX_LANGUAGE_STANDARD = "gnu++20";
				CLANG_ENABLE_MODULES = YES;
				CLANG_ENABLE_OBJC_ARC = YES;
				CLANG_ENABLE_OBJC_WEAK = YES;
				CLANG_WARN_BLOCK_CAPTURE_AUTORELEASING = YES;
				CLANG_WARN_BOOL_CONVERSION = YES;
				CLANG_WARN_COMMA = YES;
				CLANG_WARN_CONSTANT_CONVERSION = YES;
				CLANG_WARN_DEPRECATED_OBJC_IMPLEMENTATIONS = YES;
				CLANG_WARN_DIRECT_OBJC_ISA_USAGE = YES_ERROR;
				CLANG_WARN_DOCUMENTATION_COMMENTS = YES;
				CLANG_WARN_EMPTY_BODY = YES;
				CLANG_WARN_ENUM_CONVERSION = YES;
				CLANG_WARN_INFINITE_RECURSION = YES;
				CLANG_WARN_INT_CONVERSION = YES;
				CLANG_WARN_NON_LITERAL_NULL_CONVERSION = YES;
				CLANG_WARN_OBJC_IMPLICIT_RETAIN_SELF = YES;
				CLANG_WARN_OBJC_LITERAL_CONVERSION = YES;
				CLANG_WARN_OBJC_ROOT_CLASS = YES_ERROR;
				CLANG_WARN_QUOTED_INCLUDE_IN_FRAMEWORK_HEADER = YES;
				CLANG_WARN_RANGE_LOOP_ANALYSIS = YES;
				CLANG_WARN_STRICT_PROTOTYPES = YES;
				CLANG_WARN_SUSPICIOUS_MOVE = YES;
				CLANG_WARN_UNGUARDED_AVAILABILITY = YES_AGGRESSIVE;
				CLANG_WARN_UNREACHABLE_CODE = YES;
				CLANG_WARN__DUPLICATE_METHOD_MATCH = YES;
				COPY_PHASE_STRIP = NO;
				DEBUG_INFORMATION_FORMAT = dwarf;
				ENABLE_STRICT_OBJC_MSGSEND = YES;
				ENABLE_TESTABILITY = YES;
				GCC_C_LANGUAGE_STANDARD = gnu11;
				GCC_DYNAMIC_NO_PIC = NO;
				GCC_NO_COMMON_BLOCKS = YES;
				GCC_OPTIMIZATION_LEVEL = 0;
				GCC_PREPROCESSOR_DEFINITIONS = (
					"DEBUG=1",
					"$(inherited)",
				);
				GCC_WARN_64_TO_32_BIT_CONVERSION = YES;
				GCC_WARN_ABOUT_RETURN_TYPE = YES_ERROR;
				GCC_WARN_UNDECLARED_SELECTOR = YES;
				GCC_WARN_UNINITIALIZED_AUTOS = YES_AGGRESSIVE;
				GCC_WARN_UNUSED_FUNCTION = YES;
				GCC_WARN_UNUSED_VARIABLE = YES;
				IPHONEOS_DEPLOYMENT_TARGET = 16.4;
				MTL_ENABLE_DEBUG_INFO = INCLUDE_SOURCE;
				MTL_FAST_MATH = YES;
				ONLY_ACTIVE_ARCH = YES;
				SDKROOT = iphoneos;
				SWIFT_ACTIVE_COMPILATION_CONDITIONS = DEBUG;
				SWIFT_OPTIMIZATION_LEVEL = "-Onone";
			};
			name = Debug;
		};
		7FC7787A2AA5C61C00A5CE0F /* Release */ = {
			isa = XCBuildConfiguration;
			buildSettings = {
				ALWAYS_SEARCH_USER_PATHS = NO;
				CLANG_ANALYZER_NONNULL = YES;
				CLANG_ANALYZER_NUMBER_OBJECT_CONVERSION = YES_AGGRESSIVE;
				CLANG_CXX_LANGUAGE_STANDARD = "gnu++20";
				CLANG_ENABLE_MODULES = YES;
				CLANG_ENABLE_OBJC_ARC = YES;
				CLANG_ENABLE_OBJC_WEAK = YES;
				CLANG_WARN_BLOCK_CAPTURE_AUTORELEASING = YES;
				CLANG_WARN_BOOL_CONVERSION = YES;
				CLANG_WARN_COMMA = YES;
				CLANG_WARN_CONSTANT_CONVERSION = YES;
				CLANG_WARN_DEPRECATED_OBJC_IMPLEMENTATIONS = YES;
				CLANG_WARN_DIRECT_OBJC_ISA_USAGE = YES_ERROR;
				CLANG_WARN_DOCUMENTATION_COMMENTS = YES;
				CLANG_WARN_EMPTY_BODY = YES;
				CLANG_WARN_ENUM_CONVERSION = YES;
				CLANG_WARN_INFINITE_RECURSION = YES;
				CLANG_WARN_INT_CONVERSION = YES;
				CLANG_WARN_NON_LITERAL_NULL_CONVERSION = YES;
				CLANG_WARN_OBJC_IMPLICIT_RETAIN_SELF = YES;
				CLANG_WARN_OBJC_LITERAL_CONVERSION = YES;
				CLANG_WARN_OBJC_ROOT_CLASS = YES_ERROR;
				CLANG_WARN_QUOTED_INCLUDE_IN_FRAMEWORK_HEADER = YES;
				CLANG_WARN_RANGE_LOOP_ANALYSIS = YES;
				CLANG_WARN_STRICT_PROTOTYPES = YES;
				CLANG_WARN_SUSPICIOUS_MOVE = YES;
				CLANG_WARN_UNGUARDED_AVAILABILITY = YES_AGGRESSIVE;
				CLANG_WARN_UNREACHABLE_CODE = YES;
				CLANG_WARN__DUPLICATE_METHOD_MATCH = YES;
				COPY_PHASE_STRIP = NO;
				DEBUG_INFORMATION_FORMAT = "dwarf-with-dsym";
				ENABLE_NS_ASSERTIONS = NO;
				ENABLE_STRICT_OBJC_MSGSEND = YES;
				GCC_C_LANGUAGE_STANDARD = gnu11;
				GCC_NO_COMMON_BLOCKS = YES;
				GCC_WARN_64_TO_32_BIT_CONVERSION = YES;
				GCC_WARN_ABOUT_RETURN_TYPE = YES_ERROR;
				GCC_WARN_UNDECLARED_SELECTOR = YES;
				GCC_WARN_UNINITIALIZED_AUTOS = YES_AGGRESSIVE;
				GCC_WARN_UNUSED_FUNCTION = YES;
				GCC_WARN_UNUSED_VARIABLE = YES;
				IPHONEOS_DEPLOYMENT_TARGET = 16.4;
				MTL_ENABLE_DEBUG_INFO = NO;
				MTL_FAST_MATH = YES;
				SDKROOT = iphoneos;
				SWIFT_COMPILATION_MODE = wholemodule;
				SWIFT_OPTIMIZATION_LEVEL = "-O";
				VALIDATE_PRODUCT = YES;
			};
			name = Release;
		};
		7FC7787C2AA5C61C00A5CE0F /* Debug */ = {
			isa = XCBuildConfiguration;
			baseConfigurationReference = DB74C7C44FD272586BCB4B57 /* Pods-SleepWellApp.debug.xcconfig */;
			buildSettings = {
				ASSETCATALOG_COMPILER_APPICON_NAME = AppIcon;
				ASSETCATALOG_COMPILER_GLOBAL_ACCENT_COLOR_NAME = AccentColor;
				CODE_SIGN_STYLE = Automatic;
				CURRENT_PROJECT_VERSION = 1;
				DEVELOPMENT_TEAM = RVG276WKQ2;
				GENERATE_INFOPLIST_FILE = YES;
				INFOPLIST_FILE = SleepWellApp/Resource/Info.plist;
				INFOPLIST_KEY_UIApplicationSupportsIndirectInputEvents = YES;
				INFOPLIST_KEY_UILaunchStoryboardName = LaunchScreen;
				INFOPLIST_KEY_UIStatusBarStyle = UIStatusBarStyleLightContent;
				INFOPLIST_KEY_UISupportedInterfaceOrientations_iPad = "UIInterfaceOrientationPortrait UIInterfaceOrientationPortraitUpsideDown UIInterfaceOrientationLandscapeLeft UIInterfaceOrientationLandscapeRight";
				INFOPLIST_KEY_UISupportedInterfaceOrientations_iPhone = "UIInterfaceOrientationPortrait UIInterfaceOrientationLandscapeLeft UIInterfaceOrientationLandscapeRight";
				IPHONEOS_DEPLOYMENT_TARGET = 15.0;
				LD_RUNPATH_SEARCH_PATHS = (
					"$(inherited)",
					"@executable_path/Frameworks",
				);
				MARKETING_VERSION = 1.0;
				PRODUCT_BUNDLE_IDENTIFIER = direchan.SleepWellApp;
				PRODUCT_NAME = "$(TARGET_NAME)";
				SUPPORTED_PLATFORMS = "iphoneos iphonesimulator";
				SUPPORTS_MACCATALYST = NO;
				SUPPORTS_MAC_DESIGNED_FOR_IPHONE_IPAD = NO;
				SWIFT_EMIT_LOC_STRINGS = YES;
				SWIFT_VERSION = 5.0;
				TARGETED_DEVICE_FAMILY = 1;
			};
			name = Debug;
		};
		7FC7787D2AA5C61C00A5CE0F /* Release */ = {
			isa = XCBuildConfiguration;
			baseConfigurationReference = 770FAF36F1641ECBB0611757 /* Pods-SleepWellApp.release.xcconfig */;
			buildSettings = {
				ASSETCATALOG_COMPILER_APPICON_NAME = AppIcon;
				ASSETCATALOG_COMPILER_GLOBAL_ACCENT_COLOR_NAME = AccentColor;
				CODE_SIGN_STYLE = Automatic;
				CURRENT_PROJECT_VERSION = 1;
				DEVELOPMENT_TEAM = RVG276WKQ2;
				GENERATE_INFOPLIST_FILE = YES;
				INFOPLIST_FILE = SleepWellApp/Resource/Info.plist;
				INFOPLIST_KEY_UIApplicationSupportsIndirectInputEvents = YES;
				INFOPLIST_KEY_UILaunchStoryboardName = LaunchScreen;
				INFOPLIST_KEY_UIStatusBarStyle = UIStatusBarStyleLightContent;
				INFOPLIST_KEY_UISupportedInterfaceOrientations_iPad = "UIInterfaceOrientationPortrait UIInterfaceOrientationPortraitUpsideDown UIInterfaceOrientationLandscapeLeft UIInterfaceOrientationLandscapeRight";
				INFOPLIST_KEY_UISupportedInterfaceOrientations_iPhone = "UIInterfaceOrientationPortrait UIInterfaceOrientationLandscapeLeft UIInterfaceOrientationLandscapeRight";
				IPHONEOS_DEPLOYMENT_TARGET = 15.0;
				LD_RUNPATH_SEARCH_PATHS = (
					"$(inherited)",
					"@executable_path/Frameworks",
				);
				MARKETING_VERSION = 1.0;
				PRODUCT_BUNDLE_IDENTIFIER = direchan.SleepWellApp;
				PRODUCT_NAME = "$(TARGET_NAME)";
				SUPPORTED_PLATFORMS = "iphoneos iphonesimulator";
				SUPPORTS_MACCATALYST = NO;
				SUPPORTS_MAC_DESIGNED_FOR_IPHONE_IPAD = NO;
				SWIFT_EMIT_LOC_STRINGS = YES;
				SWIFT_VERSION = 5.0;
				TARGETED_DEVICE_FAMILY = 1;
			};
			name = Release;
		};
/* End XCBuildConfiguration section */

/* Begin XCConfigurationList section */
		7FC778622AA5C61B00A5CE0F /* Build configuration list for PBXProject "SleepWellApp" */ = {
			isa = XCConfigurationList;
			buildConfigurations = (
				7FC778792AA5C61C00A5CE0F /* Debug */,
				7FC7787A2AA5C61C00A5CE0F /* Release */,
			);
			defaultConfigurationIsVisible = 0;
			defaultConfigurationName = Release;
		};
		7FC7787B2AA5C61C00A5CE0F /* Build configuration list for PBXNativeTarget "SleepWellApp" */ = {
			isa = XCConfigurationList;
			buildConfigurations = (
				7FC7787C2AA5C61C00A5CE0F /* Debug */,
				7FC7787D2AA5C61C00A5CE0F /* Release */,
			);
			defaultConfigurationIsVisible = 0;
			defaultConfigurationName = Release;
		};
/* End XCConfigurationList section */
	};
	rootObject = 7FC7785F2AA5C61B00A5CE0F /* Project object */;
}
